[[package]]
name = "guizero"
version = "1.3.0"
description = "Python module to allow learners to easily create GUIs"
category = "main"
optional = false
python-versions = ">=3"

[package.extras]
images = ["pillow (>=4.3.0)"]

[metadata]
lock-version = "1.1"
python-versions = "^3.8"
content-hash = "e4cc1893e393bd410e1d4b0420e3057d41c584ff0a295246fabdd80849aa760e"

[metadata.files]
guizero = []
